
Microsoft Visual Studio Solution File, Format Version 12.00
# Visual Studio Version 17
VisualStudioVersion = 17.9.34616.47
MinimumVisualStudioVersion = 10.0.40219.1
Project("{9A19103F-16F7-4668-BE54-9A1E7A4F7556}") = "Lambifast.Sample", "AwsLambda.Sample\Lambifast.Sample.csproj", "{9341C04B-673B-423C-A51A-DFD45BCF998D}"
EndProject
Project("{2150E333-8FDC-42A3-9474-1A3956D46DE8}") = "build", "build", "{9FA372CF-B9CE-4714-8213-47630B00BEC6}"
	ProjectSection(SolutionItems) = preProject
		build\buildRelease.ps1 = build\buildRelease.ps1
		build\README.md = build\README.md
		build\template.yaml = build\template.yaml
	EndProjectSection
EndProject
Global
	GlobalSection(SolutionConfigurationPlatforms) = preSolution
		Debug|Any CPU = Debug|Any CPU
		Release|Any CPU = Release|Any CPU
	EndGlobalSection
	GlobalSection(ProjectConfigurationPlatforms) = postSolution
		{9341C04B-673B-423C-A51A-DFD45BCF998D}.Debug|Any CPU.ActiveCfg = Debug|Any CPU
		{9341C04B-673B-423C-A51A-DFD45BCF998D}.Debug|Any CPU.Build.0 = Debug|Any CPU
		{9341C04B-673B-423C-A51A-DFD45BCF998D}.Release|Any CPU.ActiveCfg = Release|Any CPU
	EndGlobalSection
	GlobalSection(SolutionProperties) = preSolution
		HideSolutionNode = FALSE
	EndGlobalSection
	GlobalSection(ExtensibilityGlobals) = postSolution
		SolutionGuid = {EB8E4927-6148-4096-ABD6-E1B5DAD7E330}
	EndGlobalSection
EndGlobal
